
Microsoft Visual Studio Solution File, Format Version 12.00
# Visual Studio Version 17
VisualStudioVersion = 17.3.32922.545
MinimumVisualStudioVersion = 10.0.40219.1
Project("{FAE04EC0-301F-11D3-BF4B-00C04F79EFBC}") = "ButtJiggle", "ButtJiggle\ButtJiggle.csproj", "{21D55085-3997-4A44-B09B-2B1735CA6D2A}"
EndProject
Project("{2150E333-8FDC-42A3-9474-1A3956D46DE8}") = "Solution Items", "Solution Items", "{D7069249-9867-4E11-B365-DA6DE93A9F24}"
	ProjectSection(SolutionItems) = preProject
		.gitignore = .gitignore
		LICENSE = LICENSE
		README.md = README.md
	EndProjectSection
EndProject
Global
	GlobalSection(SolutionConfigurationPlatforms) = preSolution
		Debug|Any CPU = Debug|Any CPU
		Release|Any CPU = Release|Any CPU
	EndGlobalSection
	GlobalSection(ProjectConfigurationPlatforms) = postSolution
		{21D55085-3997-4A44-B09B-2B1735CA6D2A}.Debug|Any CPU.ActiveCfg = Debug|Any CPU
		{21D55085-3997-4A44-B09B-2B1735CA6D2A}.Debug|Any CPU.Build.0 = Debug|Any CPU
		{21D55085-3997-4A44-B09B-2B1735CA6D2A}.Release|Any CPU.ActiveCfg = Release|Any CPU
		{21D55085-3997-4A44-B09B-2B1735CA6D2A}.Release|Any CPU.Build.0 = Release|Any CPU
	EndGlobalSection
	GlobalSection(SolutionProperties) = preSolution
		HideSolutionNode = FALSE
	EndGlobalSection
	GlobalSection(ExtensibilityGlobals) = postSolution
		SolutionGuid = {AA1E0AD9-4990-4EFA-966A-74E185EC25EB}
	EndGlobalSection
EndGlobal
